// !$*UTF8*$!
{
	archiveVersion = 1;
	classes = {
	};
	objectVersion = 50;
	objects = {

/* Begin PBXBuildFile section */
		2A133D6427F1517600658D09 /* AppDelegate.swift in Sources */ = {isa = PBXBuildFile; fileRef = 2A133D6327F1517600658D09 /* AppDelegate.swift */; };
		2A133D6627F1517600658D09 /* SceneDelegate.swift in Sources */ = {isa = PBXBuildFile; fileRef = 2A133D6527F1517600658D09 /* SceneDelegate.swift */; };
		2A133D6827F1517600658D09 /* ViewController.swift in Sources */ = {isa = PBXBuildFile; fileRef = 2A133D6727F1517600658D09 /* ViewController.swift */; };
		2A133D6B27F1517600658D09 /* Main.storyboard in Resources */ = {isa = PBXBuildFile; fileRef = 2A133D6927F1517600658D09 /* Main.storyboard */; };
		2A133D6D27F1517900658D09 /* Assets.xcassets in Resources */ = {isa = PBXBuildFile; fileRef = 2A133D6C27F1517900658D09 /* Assets.xcassets */; };
		2A133D7027F1517900658D09 /* LaunchScreen.storyboard in Resources */ = {isa = PBXBuildFile; fileRef = 2A133D6E27F1517900658D09 /* LaunchScreen.storyboard */; };
		2A133D7F27F1536A00658D09 /* UIView+Extensions.swift in Sources */ = {isa = PBXBuildFile; fileRef = 2A133D7D27F1536A00658D09 /* UIView+Extensions.swift */; };
		2A133D8027F1536B00658D09 /* UserDefaultManager.swift in Sources */ = {isa = PBXBuildFile; fileRef = 2A133D7E27F1536A00658D09 /* UserDefaultManager.swift */; };
		2A133D8227F1537600658D09 /* UserDefaultsKey.swift in Sources */ = {isa = PBXBuildFile; fileRef = 2A133D8127F1537600658D09 /* UserDefaultsKey.swift */; };
		2A133D8627F1538300658D09 /* SlotView.swift in Sources */ = {isa = PBXBuildFile; fileRef = 2A133D8427F1538300658D09 /* SlotView.swift */; };
		2A133D8727F1538300658D09 /* SlotView.xib in Resources */ = {isa = PBXBuildFile; fileRef = 2A133D8527F1538300658D09 /* SlotView.xib */; };
		2A133D8927F1538D00658D09 /* SettingsViewController.swift in Sources */ = {isa = PBXBuildFile; fileRef = 2A133D8827F1538D00658D09 /* SettingsViewController.swift */; };
		2A133D8B27F155A100658D09 /* MapViewController.swift in Sources */ = {isa = PBXBuildFile; fileRef = 2A133D8A27F155A100658D09 /* MapViewController.swift */; };
		2A8879AB27F768C5006A1CCE /* ThemeModel.swift in Sources */ = {isa = PBXBuildFile; fileRef = 2A8879AA27F768C5006A1CCE /* ThemeModel.swift */; };
		2A8879AD27F769A8006A1CCE /* UIColor+Extension.swift in Sources */ = {isa = PBXBuildFile; fileRef = 2A8879AC27F769A8006A1CCE /* UIColor+Extension.swift */; };
		2A8879AF27F8A9D6006A1CCE /* WebPageViewController.swift in Sources */ = {isa = PBXBuildFile; fileRef = 2A8879AE27F8A9D6006A1CCE /* WebPageViewController.swift */; };
		2A8879B527F8B4A5006A1CCE /* CoreDataManager.swift in Sources */ = {isa = PBXBuildFile; fileRef = 2A8879B127F8B4A5006A1CCE /* CoreDataManager.swift */; };
		2A8879B627F8B4A5006A1CCE /* Database.xcdatamodeld in Sources */ = {isa = PBXBuildFile; fileRef = 2A8879B227F8B4A5006A1CCE /* Database.xcdatamodeld */; };
		2A8879B727F8B4A5006A1CCE /* NSManagedObject.swift in Sources */ = {isa = PBXBuildFile; fileRef = 2A8879B427F8B4A5006A1CCE /* NSManagedObject.swift */; };
		2A8879B927F8B577006A1CCE /* AppSettings+Extension.swift in Sources */ = {isa = PBXBuildFile; fileRef = 2A8879B827F8B577006A1CCE /* AppSettings+Extension.swift */; };
/* End PBXBuildFile section */

/* Begin PBXFileReference section */
		2A133D6027F1517600658D09 /* RollerCoaster.app */ = {isa = PBXFileReference; explicitFileType = wrapper.application; includeInIndex = 0; path = RollerCoaster.app; sourceTree = BUILT_PRODUCTS_DIR; };
		2A133D6327F1517600658D09 /* AppDelegate.swift */ = {isa = PBXFileReference; lastKnownFileType = sourcecode.swift; path = AppDelegate.swift; sourceTree = "<group>"; };
		2A133D6527F1517600658D09 /* SceneDelegate.swift */ = {isa = PBXFileReference; lastKnownFileType = sourcecode.swift; path = SceneDelegate.swift; sourceTree = "<group>"; };
		2A133D6727F1517600658D09 /* ViewController.swift */ = {isa = PBXFileReference; lastKnownFileType = sourcecode.swift; path = ViewController.swift; sourceTree = "<group>"; };
		2A133D6A27F1517600658D09 /* Base */ = {isa = PBXFileReference; lastKnownFileType = file.storyboard; name = Base; path = Base.lproj/Main.storyboard; sourceTree = "<group>"; };
		2A133D6C27F1517900658D09 /* Assets.xcassets */ = {isa = PBXFileReference; lastKnownFileType = folder.assetcatalog; path = Assets.xcassets; sourceTree = "<group>"; };
		2A133D6F27F1517900658D09 /* Base */ = {isa = PBXFileReference; lastKnownFileType = file.storyboard; name = Base; path = Base.lproj/LaunchScreen.storyboard; sourceTree = "<group>"; };
		2A133D7127F1517900658D09 /* Info.plist */ = {isa = PBXFileReference; lastKnownFileType = text.plist.xml; path = Info.plist; sourceTree = "<group>"; };
		2A133D7D27F1536A00658D09 /* UIView+Extensions.swift */ = {isa = PBXFileReference; fileEncoding = 4; lastKnownFileType = sourcecode.swift; path = "UIView+Extensions.swift"; sourceTree = "<group>"; };
		2A133D7E27F1536A00658D09 /* UserDefaultManager.swift */ = {isa = PBXFileReference; fileEncoding = 4; lastKnownFileType = sourcecode.swift; path = UserDefaultManager.swift; sourceTree = "<group>"; };
		2A133D8127F1537600658D09 /* UserDefaultsKey.swift */ = {isa = PBXFileReference; fileEncoding = 4; lastKnownFileType = sourcecode.swift; path = UserDefaultsKey.swift; sourceTree = "<group>"; };
		2A133D8427F1538300658D09 /* SlotView.swift */ = {isa = PBXFileReference; fileEncoding = 4; lastKnownFileType = sourcecode.swift; path = SlotView.swift; sourceTree = "<group>"; };
		2A133D8527F1538300658D09 /* SlotView.xib */ = {isa = PBXFileReference; fileEncoding = 4; lastKnownFileType = file.xib; path = SlotView.xib; sourceTree = "<group>"; };
		2A133D8827F1538D00658D09 /* SettingsViewController.swift */ = {isa = PBXFileReference; fileEncoding = 4; lastKnownFileType = sourcecode.swift; path = SettingsViewController.swift; sourceTree = "<group>"; };
		2A133D8A27F155A100658D09 /* MapViewController.swift */ = {isa = PBXFileReference; fileEncoding = 4; lastKnownFileType = sourcecode.swift; path = MapViewController.swift; sourceTree = "<group>"; };
		2A8879AA27F768C5006A1CCE /* ThemeModel.swift */ = {isa = PBXFileReference; lastKnownFileType = sourcecode.swift; path = ThemeModel.swift; sourceTree = "<group>"; };
		2A8879AC27F769A8006A1CCE /* UIColor+Extension.swift */ = {isa = PBXFileReference; lastKnownFileType = sourcecode.swift; path = "UIColor+Extension.swift"; sourceTree = "<group>"; };
		2A8879AE27F8A9D6006A1CCE /* WebPageViewController.swift */ = {isa = PBXFileReference; lastKnownFileType = sourcecode.swift; path = WebPageViewController.swift; sourceTree = "<group>"; };
		2A8879B127F8B4A5006A1CCE /* CoreDataManager.swift */ = {isa = PBXFileReference; fileEncoding = 4; lastKnownFileType = sourcecode.swift; path = CoreDataManager.swift; sourceTree = "<group>"; };
		2A8879B327F8B4A5006A1CCE /* TulipEx.xcdatamodel */ = {isa = PBXFileReference; lastKnownFileType = wrapper.xcdatamodel; path = TulipEx.xcdatamodel; sourceTree = "<group>"; };
		2A8879B427F8B4A5006A1CCE /* NSManagedObject.swift */ = {isa = PBXFileReference; fileEncoding = 4; lastKnownFileType = sourcecode.swift; path = NSManagedObject.swift; sourceTree = "<group>"; };
		2A8879B827F8B577006A1CCE /* AppSettings+Extension.swift */ = {isa = PBXFileReference; lastKnownFileType = sourcecode.swift; path = "AppSettings+Extension.swift"; sourceTree = "<group>"; };
/* End PBXFileReference section */

/* Begin PBXFrameworksBuildPhase section */
		2A133D5D27F1517600658D09 /* Frameworks */ = {
			isa = PBXFrameworksBuildPhase;
			buildActionMask = 2147483647;
			files = (
			);
			runOnlyForDeploymentPostprocessing = 0;
		};
/* End PBXFrameworksBuildPhase section */

/* Begin PBXGroup section */
		2A133D5727F1517600658D09 = {
			isa = PBXGroup;
			children = (
				2A133D6227F1517600658D09 /* RollerCoaster */,
				2A133D6127F1517600658D09 /* Products */,
			);
			sourceTree = "<group>";
		};
		2A133D6127F1517600658D09 /* Products */ = {
			isa = PBXGroup;
			children = (
				2A133D6027F1517600658D09 /* RollerCoaster.app */,
			);
			name = Products;
			sourceTree = "<group>";
		};
		2A133D6227F1517600658D09 /* RollerCoaster */ = {
			isa = PBXGroup;
			children = (
				2A8879B027F8B445006A1CCE /* Database */,
				2A133D7727F151E500658D09 /* Helpers */,
				2A133D7827F151ED00658D09 /* Models */,
				2A133D7927F151F700658D09 /* Views */,
				2A133D7A27F1520000658D09 /* ViewControllers */,
				2A133D7B27F1521300658D09 /* SupportedFiles */,
				2A133D6327F1517600658D09 /* AppDelegate.swift */,
				2A133D6527F1517600658D09 /* SceneDelegate.swift */,
				2A133D7127F1517900658D09 /* Info.plist */,
			);
			path = RollerCoaster;
			sourceTree = "<group>";
		};
		2A133D7727F151E500658D09 /* Helpers */ = {
			isa = PBXGroup;
			children = (
				2A133D7D27F1536A00658D09 /* UIView+Extensions.swift */,
				2A133D7E27F1536A00658D09 /* UserDefaultManager.swift */,
				2A8879AC27F769A8006A1CCE /* UIColor+Extension.swift */,
			);
			path = Helpers;
			sourceTree = "<group>";
		};
		2A133D7827F151ED00658D09 /* Models */ = {
			isa = PBXGroup;
			children = (
				2A133D8127F1537600658D09 /* UserDefaultsKey.swift */,
				2A8879AA27F768C5006A1CCE /* ThemeModel.swift */,
			);
			path = Models;
			sourceTree = "<group>";
		};
		2A133D7927F151F700658D09 /* Views */ = {
			isa = PBXGroup;
			children = (
				2A133D8327F1538300658D09 /* SlotView */,
			);
			path = Views;
			sourceTree = "<group>";
		};
		2A133D7A27F1520000658D09 /* ViewControllers */ = {
			isa = PBXGroup;
			children = (
				2A133D8A27F155A100658D09 /* MapViewController.swift */,
				2A133D8827F1538D00658D09 /* SettingsViewController.swift */,
				2A133D6727F1517600658D09 /* ViewController.swift */,
				2A8879AE27F8A9D6006A1CCE /* WebPageViewController.swift */,
			);
			path = ViewControllers;
			sourceTree = "<group>";
		};
		2A133D7B27F1521300658D09 /* SupportedFiles */ = {
			isa = PBXGroup;
			children = (
				2A133D6C27F1517900658D09 /* Assets.xcassets */,
				2A133D7C27F1523D00658D09 /* Storyboards */,
			);
			path = SupportedFiles;
			sourceTree = "<group>";
		};
		2A133D7C27F1523D00658D09 /* Storyboards */ = {
			isa = PBXGroup;
			children = (
				2A133D6927F1517600658D09 /* Main.storyboard */,
				2A133D6E27F1517900658D09 /* LaunchScreen.storyboard */,
			);
			path = Storyboards;
			sourceTree = "<group>";
		};
		2A133D8327F1538300658D09 /* SlotView */ = {
			isa = PBXGroup;
			children = (
				2A133D8427F1538300658D09 /* SlotView.swift */,
				2A133D8527F1538300658D09 /* SlotView.xib */,
			);
			path = SlotView;
			sourceTree = "<group>";
		};
		2A8879B027F8B445006A1CCE /* Database */ = {
			isa = PBXGroup;
			children = (
				2A8879B127F8B4A5006A1CCE /* CoreDataManager.swift */,
				2A8879B227F8B4A5006A1CCE /* Database.xcdatamodeld */,
				2A8879B427F8B4A5006A1CCE /* NSManagedObject.swift */,
				2A8879B827F8B577006A1CCE /* AppSettings+Extension.swift */,
			);
			path = Database;
			sourceTree = "<group>";
		};
/* End PBXGroup section */

/* Begin PBXNativeTarget section */
		2A133D5F27F1517600658D09 /* RollerCoaster */ = {
			isa = PBXNativeTarget;
			buildConfigurationList = 2A133D7427F1517900658D09 /* Build configuration list for PBXNativeTarget "RollerCoaster" */;
			buildPhases = (
				2A133D5C27F1517600658D09 /* Sources */,
				2A133D5D27F1517600658D09 /* Frameworks */,
				2A133D5E27F1517600658D09 /* Resources */,
			);
			buildRules = (
			);
			dependencies = (
			);
			name = RollerCoaster;
			productName = RollerCoaster;
			productReference = 2A133D6027F1517600658D09 /* RollerCoaster.app */;
			productType = "com.apple.product-type.application";
		};
/* End PBXNativeTarget section */

/* Begin PBXProject section */
		2A133D5827F1517600658D09 /* Project object */ = {
			isa = PBXProject;
			attributes = {
				LastSwiftUpdateCheck = 1250;
				LastUpgradeCheck = 1250;
				TargetAttributes = {
					2A133D5F27F1517600658D09 = {
						CreatedOnToolsVersion = 12.5.1;
					};
				};
			};
			buildConfigurationList = 2A133D5B27F1517600658D09 /* Build configuration list for PBXProject "RollerCoaster" */;
			compatibilityVersion = "Xcode 9.3";
			developmentRegion = en;
			hasScannedForEncodings = 0;
			knownRegions = (
				en,
				Base,
			);
			mainGroup = 2A133D5727F1517600658D09;
			productRefGroup = 2A133D6127F1517600658D09 /* Products */;
			projectDirPath = "";
			projectRoot = "";
			targets = (
				2A133D5F27F1517600658D09 /* RollerCoaster */,
			);
		};
/* End PBXProject section */

/* Begin PBXResourcesBuildPhase section */
		2A133D5E27F1517600658D09 /* Resources */ = {
			isa = PBXResourcesBuildPhase;
			buildActionMask = 2147483647;
			files = (
				2A133D7027F1517900658D09 /* LaunchScreen.storyboard in Resources */,
				2A133D6D27F1517900658D09 /* Assets.xcassets in Resources */,
				2A133D8727F1538300658D09 /* SlotView.xib in Resources */,
				2A133D6B27F1517600658D09 /* Main.storyboard in Resources */,
			);
			runOnlyForDeploymentPostprocessing = 0;
		};
/* End PBXResourcesBuildPhase section */

/* Begin PBXSourcesBuildPhase section */
		2A133D5C27F1517600658D09 /* Sources */ = {
			isa = PBXSourcesBuildPhase;
			buildActionMask = 2147483647;
			files = (
				2A8879B927F8B577006A1CCE /* AppSettings+Extension.swift in Sources */,
				2A8879B627F8B4A5006A1CCE /* Database.xcdatamodeld in Sources */,
				2A8879AF27F8A9D6006A1CCE /* WebPageViewController.swift in Sources */,
				2A133D8627F1538300658D09 /* SlotView.swift in Sources */,
				2A133D8227F1537600658D09 /* UserDefaultsKey.swift in Sources */,
				2A133D6827F1517600658D09 /* ViewController.swift in Sources */,
				2A8879AD27F769A8006A1CCE /* UIColor+Extension.swift in Sources */,
				2A133D6427F1517600658D09 /* AppDelegate.swift in Sources */,
				2A8879B727F8B4A5006A1CCE /* NSManagedObject.swift in Sources */,
				2A133D8B27F155A100658D09 /* MapViewController.swift in Sources */,
				2A8879B527F8B4A5006A1CCE /* CoreDataManager.swift in Sources */,
				2A133D7F27F1536A00658D09 /* UIView+Extensions.swift in Sources */,
				2A133D6627F1517600658D09 /* SceneDelegate.swift in Sources */,
				2A8879AB27F768C5006A1CCE /* ThemeModel.swift in Sources */,
				2A133D8027F1536B00658D09 /* UserDefaultManager.swift in Sources */,
				2A133D8927F1538D00658D09 /* SettingsViewController.swift in Sources */,
			);
			runOnlyForDeploymentPostprocessing = 0;
		};
/* End PBXSourcesBuildPhase section */

/* Begin PBXVariantGroup section */
		2A133D6927F1517600658D09 /* Main.storyboard */ = {
			isa = PBXVariantGroup;
			children = (
				2A133D6A27F1517600658D09 /* Base */,
			);
			name = Main.storyboard;
			sourceTree = "<group>";
		};
		2A133D6E27F1517900658D09 /* LaunchScreen.storyboard */ = {
			isa = PBXVariantGroup;
			children = (
				2A133D6F27F1517900658D09 /* Base */,
			);
			name = LaunchScreen.storyboard;
			sourceTree = "<group>";
		};
/* End PBXVariantGroup section */

/* Begin XCBuildConfiguration section */
		2A133D7227F1517900658D09 /* Debug */ = {
			isa = XCBuildConfiguration;
			buildSettings = {
				ALWAYS_SEARCH_USER_PATHS = NO;
				CLANG_ANALYZER_NONNULL = YES;
				CLANG_ANALYZER_NUMBER_OBJECT_CONVERSION = YES_AGGRESSIVE;
				CLANG_CXX_LANGUAGE_STANDARD = "gnu++14";
				CLANG_CXX_LIBRARY = "libc++";
				CLANG_ENABLE_MODULES = YES;
				CLANG_ENABLE_OBJC_ARC = YES;
				CLANG_ENABLE_OBJC_WEAK = YES;
				CLANG_WARN_BLOCK_CAPTURE_AUTORELEASING = YES;
				CLANG_WARN_BOOL_CONVERSION = YES;
				CLANG_WARN_COMMA = YES;
				CLANG_WARN_CONSTANT_CONVERSION = YES;
				CLANG_WARN_DEPRECATED_OBJC_IMPLEMENTATIONS = YES;
				CLANG_WARN_DIRECT_OBJC_ISA_USAGE = YES_ERROR;
				CLANG_WARN_DOCUMENTATION_COMMENTS = YES;
				CLANG_WARN_EMPTY_BODY = YES;
				CLANG_WARN_ENUM_CONVERSION = YES;
				CLANG_WARN_INFINITE_RECURSION = YES;
				CLANG_WARN_INT_CONVERSION = YES;
				CLANG_WARN_NON_LITERAL_NULL_CONVERSION = YES;
				CLANG_WARN_OBJC_IMPLICIT_RETAIN_SELF = YES;
				CLANG_WARN_OBJC_LITERAL_CONVERSION = YES;
				CLANG_WARN_OBJC_ROOT_CLASS = YES_ERROR;
				CLANG_WARN_QUOTED_INCLUDE_IN_FRAMEWORK_HEADER = YES;
				CLANG_WARN_RANGE_LOOP_ANALYSIS = YES;
				CLANG_WARN_STRICT_PROTOTYPES = YES;
				CLANG_WARN_SUSPICIOUS_MOVE = YES;
				CLANG_WARN_UNGUARDED_AVAILABILITY = YES_AGGRESSIVE;
				CLANG_WARN_UNREACHABLE_CODE = YES;
				CLANG_WARN__DUPLICATE_METHOD_MATCH = YES;
				COPY_PHASE_STRIP = NO;
				DEBUG_INFORMATION_FORMAT = dwarf;
				ENABLE_STRICT_OBJC_MSGSEND = YES;
				ENABLE_TESTABILITY = YES;
				GCC_C_LANGUAGE_STANDARD = gnu11;
				GCC_DYNAMIC_NO_PIC = NO;
				GCC_NO_COMMON_BLOCKS = YES;
				GCC_OPTIMIZATION_LEVEL = 0;
				GCC_PREPROCESSOR_DEFINITIONS = (
					"DEBUG=1",
					"$(inherited)",
				);
				GCC_WARN_64_TO_32_BIT_CONVERSION = YES;
				GCC_WARN_ABOUT_RETURN_TYPE = YES_ERROR;
				GCC_WARN_UNDECLARED_SELECTOR = YES;
				GCC_WARN_UNINITIALIZED_AUTOS = YES_AGGRESSIVE;
				GCC_WARN_UNUSED_FUNCTION = YES;
				GCC_WARN_UNUSED_VARIABLE = YES;
				IPHONEOS_DEPLOYMENT_TARGET = 14.5;
				MTL_ENABLE_DEBUG_INFO = INCLUDE_SOURCE;
				MTL_FAST_MATH = YES;
				ONLY_ACTIVE_ARCH = YES;
				SDKROOT = iphoneos;
				SWIFT_ACTIVE_COMPILATION_CONDITIONS = DEBUG;
				SWIFT_OPTIMIZATION_LEVEL = "-Onone";
			};
			name = Debug;
		};
		2A133D7327F1517900658D09 /* Release */ = {
			isa = XCBuildConfiguration;
			buildSettings = {
				ALWAYS_SEARCH_USER_PATHS = NO;
				CLANG_ANALYZER_NONNULL = YES;
				CLANG_ANALYZER_NUMBER_OBJECT_CONVERSION = YES_AGGRESSIVE;
				CLANG_CXX_LANGUAGE_STANDARD = "gnu++14";
				CLANG_CXX_LIBRARY = "libc++";
				CLANG_ENABLE_MODULES = YES;
				CLANG_ENABLE_OBJC_ARC = YES;
				CLANG_ENABLE_OBJC_WEAK = YES;
				CLANG_WARN_BLOCK_CAPTURE_AUTORELEASING = YES;
				CLANG_WARN_BOOL_CONVERSION = YES;
				CLANG_WARN_COMMA = YES;
				CLANG_WARN_CONSTANT_CONVERSION = YES;
				CLANG_WARN_DEPRECATED_OBJC_IMPLEMENTATIONS = YES;
				CLANG_WARN_DIRECT_OBJC_ISA_USAGE = YES_ERROR;
				CLANG_WARN_DOCUMENTATION_COMMENTS = YES;
				CLANG_WARN_EMPTY_BODY = YES;
				CLANG_WARN_ENUM_CONVERSION = YES;
				CLANG_WARN_INFINITE_RECURSION = YES;
				CLANG_WARN_INT_CONVERSION = YES;
				CLANG_WARN_NON_LITERAL_NULL_CONVERSION = YES;
				CLANG_WARN_OBJC_IMPLICIT_RETAIN_SELF = YES;
				CLANG_WARN_OBJC_LITERAL_CONVERSION = YES;
				CLANG_WARN_OBJC_ROOT_CLASS = YES_ERROR;
				CLANG_WARN_QUOTED_INCLUDE_IN_FRAMEWORK_HEADER = YES;
				CLANG_WARN_RANGE_LOOP_ANALYSIS = YES;
				CLANG_WARN_STRICT_PROTOTYPES = YES;
				CLANG_WARN_SUSPICIOUS_MOVE = YES;
				CLANG_WARN_UNGUARDED_AVAILABILITY = YES_AGGRESSIVE;
				CLANG_WARN_UNREACHABLE_CODE = YES;
				CLANG_WARN__DUPLICATE_METHOD_MATCH = YES;
				COPY_PHASE_STRIP = NO;
				DEBUG_INFORMATION_FORMAT = "dwarf-with-dsym";
				ENABLE_NS_ASSERTIONS = NO;
				ENABLE_STRICT_OBJC_MSGSEND = YES;
				GCC_C_LANGUAGE_STANDARD = gnu11;
				GCC_NO_COMMON_BLOCKS = YES;
				GCC_WARN_64_TO_32_BIT_CONVERSION = YES;
				GCC_WARN_ABOUT_RETURN_TYPE = YES_ERROR;
				GCC_WARN_UNDECLARED_SELECTOR = YES;
				GCC_WARN_UNINITIALIZED_AUTOS = YES_AGGRESSIVE;
				GCC_WARN_UNUSED_FUNCTION = YES;
				GCC_WARN_UNUSED_VARIABLE = YES;
				IPHONEOS_DEPLOYMENT_TARGET = 14.5;
				MTL_ENABLE_DEBUG_INFO = NO;
				MTL_FAST_MATH = YES;
				SDKROOT = iphoneos;
				SWIFT_COMPILATION_MODE = wholemodule;
				SWIFT_OPTIMIZATION_LEVEL = "-O";
				VALIDATE_PRODUCT = YES;
			};
			name = Release;
		};
		2A133D7527F1517900658D09 /* Debug */ = {
			isa = XCBuildConfiguration;
			buildSettings = {
				ASSETCATALOG_COMPILER_APPICON_NAME = AppIcon;
				ASSETCATALOG_COMPILER_GLOBAL_ACCENT_COLOR_NAME = AccentColor;
				CODE_SIGN_STYLE = Automatic;
				INFOPLIST_FILE = RollerCoaster/Info.plist;
				LD_RUNPATH_SEARCH_PATHS = (
					"$(inherited)",
					"@executable_path/Frameworks",
				);
				PRODUCT_BUNDLE_IDENTIFIER = DIP.RollerCoaster;
				PRODUCT_NAME = "$(TARGET_NAME)";
				SWIFT_VERSION = 5.0;
				TARGETED_DEVICE_FAMILY = "1,2";
			};
			name = Debug;
		};
		2A133D7627F1517900658D09 /* Release */ = {
			isa = XCBuildConfiguration;
			buildSettings = {
				ASSETCATALOG_COMPILER_APPICON_NAME = AppIcon;
				ASSETCATALOG_COMPILER_GLOBAL_ACCENT_COLOR_NAME = AccentColor;
				CODE_SIGN_STYLE = Automatic;
				INFOPLIST_FILE = RollerCoaster/Info.plist;
				LD_RUNPATH_SEARCH_PATHS = (
					"$(inherited)",
					"@executable_path/Frameworks",
				);
				PRODUCT_BUNDLE_IDENTIFIER = DIP.RollerCoaster;
				PRODUCT_NAME = "$(TARGET_NAME)";
				SWIFT_VERSION = 5.0;
				TARGETED_DEVICE_FAMILY = "1,2";
			};
			name = Release;
		};
/* End XCBuildConfiguration section */

/* Begin XCConfigurationList section */
		2A133D5B27F1517600658D09 /* Build configuration list for PBXProject "RollerCoaster" */ = {
			isa = XCConfigurationList;
			buildConfigurations = (
				2A133D7227F1517900658D09 /* Debug */,
				2A133D7327F1517900658D09 /* Release */,
			);
			defaultConfigurationIsVisible = 0;
			defaultConfigurationName = Release;
		};
		2A133D7427F1517900658D09 /* Build configuration list for PBXNativeTarget "RollerCoaster" */ = {
			isa = XCConfigurationList;
			buildConfigurations = (
				2A133D7527F1517900658D09 /* Debug */,
				2A133D7627F1517900658D09 /* Release */,
			);
			defaultConfigurationIsVisible = 0;
			defaultConfigurationName = Release;
		};
/* End XCConfigurationList section */

/* Begin XCVersionGroup section */
		2A8879B227F8B4A5006A1CCE /* Database.xcdatamodeld */ = {
			isa = XCVersionGroup;
			children = (
				2A8879B327F8B4A5006A1CCE /* TulipEx.xcdatamodel */,
			);
			currentVersion = 2A8879B327F8B4A5006A1CCE /* TulipEx.xcdatamodel */;
			path = Database.xcdatamodeld;
			sourceTree = "<group>";
			versionGroupType = wrapper.xcdatamodel;
		};
/* End XCVersionGroup section */
	};
	rootObject = 2A133D5827F1517600658D09 /* Project object */;
}
